// !$*UTF8*$!
{
	archiveVersion = 1;
	classes = {
	};
	objectVersion = 46;
	objects = {

/* Begin PBXBuildFile section */
		BA6D804B1A24C21C00B9BF9C /* main.m in Sources */ = {isa = PBXBuildFile; fileRef = BA6D804A1A24C21C00B9BF9C /* main.m */; };
		BA6D804E1A24C21C00B9BF9C /* AppDelegate.m in Sources */ = {isa = PBXBuildFile; fileRef = BA6D804D1A24C21C00B9BF9C /* AppDelegate.m */; };
		BA6D80511A24C21C00B9BF9C /* EL_MUNDO.xcdatamodeld in Sources */ = {isa = PBXBuildFile; fileRef = BA6D804F1A24C21C00B9BF9C /* EL_MUNDO.xcdatamodeld */; };
		BA6D80541A24C21C00B9BF9C /* ViewController.m in Sources */ = {isa = PBXBuildFile; fileRef = BA6D80531A24C21C00B9BF9C /* ViewController.m */; };
		BA6D80571A24C21C00B9BF9C /* Main.storyboard in Resources */ = {isa = PBXBuildFile; fileRef = BA6D80551A24C21C00B9BF9C /* Main.storyboard */; };
		BA6D80591A24C21C00B9BF9C /* Images.xcassets in Resources */ = {isa = PBXBuildFile; fileRef = BA6D80581A24C21C00B9BF9C /* Images.xcassets */; };
		BA6D805C1A24C21C00B9BF9C /* LaunchScreen.xib in Resources */ = {isa = PBXBuildFile; fileRef = BA6D805A1A24C21C00B9BF9C /* LaunchScreen.xib */; };
		BA6D80681A24C21C00B9BF9C /* EL_MUNDOTests.m in Sources */ = {isa = PBXBuildFile; fileRef = BA6D80671A24C21C00B9BF9C /* EL_MUNDOTests.m */; };
/* End PBXBuildFile section */

/* Begin PBXContainerItemProxy section */
		BA6D80621A24C21C00B9BF9C /* PBXContainerItemProxy */ = {
			isa = PBXContainerItemProxy;
			containerPortal = BA6D803D1A24C21C00B9BF9C /* Project object */;
			proxyType = 1;
			remoteGlobalIDString = BA6D80441A24C21C00B9BF9C;
			remoteInfo = "EL MUNDO";
		};
/* End PBXContainerItemProxy section */

/* Begin PBXFileReference section */
		BA6D80451A24C21C00B9BF9C /* EL MUNDO.app */ = {isa = PBXFileReference; explicitFileType = wrapper.application; includeInIndex = 0; path = "EL MUNDO.app"; sourceTree = BUILT_PRODUCTS_DIR; };
		BA6D80491A24C21C00B9BF9C /* Info.plist */ = {isa = PBXFileReference; lastKnownFileType = text.plist.xml; path = Info.plist; sourceTree = "<group>"; };
		BA6D804A1A24C21C00B9BF9C /* main.m */ = {isa = PBXFileReference; lastKnownFileType = sourcecode.c.objc; path = main.m; sourceTree = "<group>"; };
		BA6D804C1A24C21C00B9BF9C /* AppDelegate.h */ = {isa = PBXFileReference; lastKnownFileType = sourcecode.c.h; path = AppDelegate.h; sourceTree = "<group>"; };
		BA6D804D1A24C21C00B9BF9C /* AppDelegate.m */ = {isa = PBXFileReference; lastKnownFileType = sourcecode.c.objc; path = AppDelegate.m; sourceTree = "<group>"; };
		BA6D80501A24C21C00B9BF9C /* EL_MUNDO.xcdatamodel */ = {isa = PBXFileReference; lastKnownFileType = wrapper.xcdatamodel; path = EL_MUNDO.xcdatamodel; sourceTree = "<group>"; };
		BA6D80521A24C21C00B9BF9C /* ViewController.h */ = {isa = PBXFileReference; lastKnownFileType = sourcecode.c.h; path = ViewController.h; sourceTree = "<group>"; };
		BA6D80531A24C21C00B9BF9C /* ViewController.m */ = {isa = PBXFileReference; lastKnownFileType = sourcecode.c.objc; path = ViewController.m; sourceTree = "<group>"; };
		BA6D80561A24C21C00B9BF9C /* Base */ = {isa = PBXFileReference; lastKnownFileType = file.storyboard; name = Base; path = Base.lproj/Main.storyboard; sourceTree = "<group>"; };
		BA6D80581A24C21C00B9BF9C /* Images.xcassets */ = {isa = PBXFileReference; lastKnownFileType = folder.assetcatalog; path = Images.xcassets; sourceTree = "<group>"; };
		BA6D805B1A24C21C00B9BF9C /* Base */ = {isa = PBXFileReference; lastKnownFileType = file.xib; name = Base; path = Base.lproj/LaunchScreen.xib; sourceTree = "<group>"; };
		BA6D80611A24C21C00B9BF9C /* EL MUNDOTests.xctest */ = {isa = PBXFileReference; explicitFileType = wrapper.cfbundle; includeInIndex = 0; path = "EL MUNDOTests.xctest"; sourceTree = BUILT_PRODUCTS_DIR; };
		BA6D80661A24C21C00B9BF9C /* Info.plist */ = {isa = PBXFileReference; lastKnownFileType = text.plist.xml; path = Info.plist; sourceTree = "<group>"; };
		BA6D80671A24C21C00B9BF9C /* EL_MUNDOTests.m */ = {isa = PBXFileReference; lastKnownFileType = sourcecode.c.objc; path = EL_MUNDOTests.m; sourceTree = "<group>"; };
/* End PBXFileReference section */

/* Begin PBXFrameworksBuildPhase section */
		BA6D80421A24C21C00B9BF9C /* Frameworks */ = {
			isa = PBXFrameworksBuildPhase;
			buildActionMask = 2147483647;
			files = (
			);
			runOnlyForDeploymentPostprocessing = 0;
		};
		BA6D805E1A24C21C00B9BF9C /* Frameworks */ = {
			isa = PBXFrameworksBuildPhase;
			buildActionMask = 2147483647;
			files = (
			);
			runOnlyForDeploymentPostprocessing = 0;
		};
/* End PBXFrameworksBuildPhase section */

/* Begin PBXGroup section */
		BA6D803C1A24C21C00B9BF9C = {
			isa = PBXGroup;
			children = (
				BA6D80471A24C21C00B9BF9C /* EL MUNDO */,
				BA6D80641A24C21C00B9BF9C /* EL MUNDOTests */,
				BA6D80461A24C21C00B9BF9C /* Products */,
			);
			sourceTree = "<group>";
		};
		BA6D80461A24C21C00B9BF9C /* Products */ = {
			isa = PBXGroup;
			children = (
				BA6D80451A24C21C00B9BF9C /* EL MUNDO.app */,
				BA6D80611A24C21C00B9BF9C /* EL MUNDOTests.xctest */,
			);
			name = Products;
			sourceTree = "<group>";
		};
		BA6D80471A24C21C00B9BF9C /* EL MUNDO */ = {
			isa = PBXGroup;
			children = (
				BA6D804C1A24C21C00B9BF9C /* AppDelegate.h */,
				BA6D804D1A24C21C00B9BF9C /* AppDelegate.m */,
				BA6D80521A24C21C00B9BF9C /* ViewController.h */,
				BA6D80531A24C21C00B9BF9C /* ViewController.m */,
				BA6D80551A24C21C00B9BF9C /* Main.storyboard */,
				BA6D80581A24C21C00B9BF9C /* Images.xcassets */,
				BA6D805A1A24C21C00B9BF9C /* LaunchScreen.xib */,
				BA6D804F1A24C21C00B9BF9C /* EL_MUNDO.xcdatamodeld */,
				BA6D80481A24C21C00B9BF9C /* Supporting Files */,
			);
			path = "EL MUNDO";
			sourceTree = "<group>";
		};
		BA6D80481A24C21C00B9BF9C /* Supporting Files */ = {
			isa = PBXGroup;
			children = (
				BA6D80491A24C21C00B9BF9C /* Info.plist */,
				BA6D804A1A24C21C00B9BF9C /* main.m */,
			);
			name = "Supporting Files";
			sourceTree = "<group>";
		};
		BA6D80641A24C21C00B9BF9C /* EL MUNDOTests */ = {
			isa = PBXGroup;
			children = (
				BA6D80671A24C21C00B9BF9C /* EL_MUNDOTests.m */,
				BA6D80651A24C21C00B9BF9C /* Supporting Files */,
			);
			path = "EL MUNDOTests";
			sourceTree = "<group>";
		};
		BA6D80651A24C21C00B9BF9C /* Supporting Files */ = {
			isa = PBXGroup;
			children = (
				BA6D80661A24C21C00B9BF9C /* Info.plist */,
			);
			name = "Supporting Files";
			sourceTree = "<group>";
		};
/* End PBXGroup section */

/* Begin PBXNativeTarget section */
		BA6D80441A24C21C00B9BF9C /* EL MUNDO */ = {
			isa = PBXNativeTarget;
			buildConfigurationList = BA6D806B1A24C21C00B9BF9C /* Build configuration list for PBXNativeTarget "EL MUNDO" */;
			buildPhases = (
				BA6D80411A24C21C00B9BF9C /* Sources */,
				BA6D80421A24C21C00B9BF9C /* Frameworks */,
				BA6D80431A24C21C00B9BF9C /* Resources */,
			);
			buildRules = (
			);
			dependencies = (
			);
			name = "EL MUNDO";
			productName = "EL MUNDO";
			productReference = BA6D80451A24C21C00B9BF9C /* EL MUNDO.app */;
			productType = "com.apple.product-type.application";
		};
		BA6D80601A24C21C00B9BF9C /* EL MUNDOTests */ = {
			isa = PBXNativeTarget;
			buildConfigurationList = BA6D806E1A24C21C00B9BF9C /* Build configuration list for PBXNativeTarget "EL MUNDOTests" */;
			buildPhases = (
				BA6D805D1A24C21C00B9BF9C /* Sources */,
				BA6D805E1A24C21C00B9BF9C /* Frameworks */,
				BA6D805F1A24C21C00B9BF9C /* Resources */,
			);
			buildRules = (
			);
			dependencies = (
				BA6D80631A24C21C00B9BF9C /* PBXTargetDependency */,
			);
			name = "EL MUNDOTests";
			productName = "EL MUNDOTests";
			productReference = BA6D80611A24C21C00B9BF9C /* EL MUNDOTests.xctest */;
			productType = "com.apple.product-type.bundle.unit-test";
		};
/* End PBXNativeTarget section */

/* Begin PBXProject section */
		BA6D803D1A24C21C00B9BF9C /* Project object */ = {
			isa = PBXProject;
			attributes = {
				LastUpgradeCheck = 0610;
				ORGANIZATIONNAME = "Dani Gonzalez castillo";
				TargetAttributes = {
					BA6D80441A24C21C00B9BF9C = {
						CreatedOnToolsVersion = 6.1;
					};
					BA6D80601A24C21C00B9BF9C = {
						CreatedOnToolsVersion = 6.1;
						TestTargetID = BA6D80441A24C21C00B9BF9C;
					};
				};
			};
			buildConfigurationList = BA6D80401A24C21C00B9BF9C /* Build configuration list for PBXProject "EL MUNDO" */;
			compatibilityVersion = "Xcode 3.2";
			developmentRegion = English;
			hasScannedForEncodings = 0;
			knownRegions = (
				en,
				Base,
			);
			mainGroup = BA6D803C1A24C21C00B9BF9C;
			productRefGroup = BA6D80461A24C21C00B9BF9C /* Products */;
			projectDirPath = "";
			projectRoot = "";
			targets = (
				BA6D80441A24C21C00B9BF9C /* EL MUNDO */,
				BA6D80601A24C21C00B9BF9C /* EL MUNDOTests */,
			);
		};
/* End PBXProject section */

/* Begin PBXResourcesBuildPhase section */
		BA6D80431A24C21C00B9BF9C /* Resources */ = {
			isa = PBXResourcesBuildPhase;
			buildActionMask = 2147483647;
			files = (
				BA6D80571A24C21C00B9BF9C /* Main.storyboard in Resources */,
				BA6D805C1A24C21C00B9BF9C /* LaunchScreen.xib in Resources */,
				BA6D80591A24C21C00B9BF9C /* Images.xcassets in Resources */,
			);
			runOnlyForDeploymentPostprocessing = 0;
		};
		BA6D805F1A24C21C00B9BF9C /* Resources */ = {
			isa = PBXResourcesBuildPhase;
			buildActionMask = 2147483647;
			files = (
			);
			runOnlyForDeploymentPostprocessing = 0;
		};
/* End PBXResourcesBuildPhase section */

/* Begin PBXSourcesBuildPhase section */
		BA6D80411A24C21C00B9BF9C /* Sources */ = {
			isa = PBXSourcesBuildPhase;
			buildActionMask = 2147483647;
			files = (
				BA6D804E1A24C21C00B9BF9C /* AppDelegate.m in Sources */,
				BA6D804B1A24C21C00B9BF9C /* main.m in Sources */,
				BA6D80541A24C21C00B9BF9C /* ViewController.m in Sources */,
				BA6D80511A24C21C00B9BF9C /* EL_MUNDO.xcdatamodeld in Sources */,
			);
			runOnlyForDeploymentPostprocessing = 0;
		};
		BA6D805D1A24C21C00B9BF9C /* Sources */ = {
			isa = PBXSourcesBuildPhase;
			buildActionMask = 2147483647;
			files = (
				BA6D80681A24C21C00B9BF9C /* EL_MUNDOTests.m in Sources */,
			);
			runOnlyForDeploymentPostprocessing = 0;
		};
/* End PBXSourcesBuildPhase section */

/* Begin PBXTargetDependency section */
		BA6D80631A24C21C00B9BF9C /* PBXTargetDependency */ = {
			isa = PBXTargetDependency;
			target = BA6D80441A24C21C00B9BF9C /* EL MUNDO */;
			targetProxy = BA6D80621A24C21C00B9BF9C /* PBXContainerItemProxy */;
		};
/* End PBXTargetDependency section */

/* Begin PBXVariantGroup section */
		BA6D80551A24C21C00B9BF9C /* Main.storyboard */ = {
			isa = PBXVariantGroup;
			children = (
				BA6D80561A24C21C00B9BF9C /* Base */,
			);
			name = Main.storyboard;
			sourceTree = "<group>";
		};
		BA6D805A1A24C21C00B9BF9C /* LaunchScreen.xib */ = {
			isa = PBXVariantGroup;
			children = (
				BA6D805B1A24C21C00B9BF9C /* Base */,
			);
			name = LaunchScreen.xib;
			sourceTree = "<group>";
		};
/* End PBXVariantGroup section */

/* Begin XCBuildConfiguration section */
		BA6D80691A24C21C00B9BF9C /* Debug */ = {
			isa = XCBuildConfiguration;
			buildSettings = {
				ALWAYS_SEARCH_USER_PATHS = NO;
				CLANG_CXX_LANGUAGE_STANDARD = "gnu++0x";
				CLANG_CXX_LIBRARY = "libc++";
				CLANG_ENABLE_MODULES = YES;
				CLANG_ENABLE_OBJC_ARC = YES;
				CLANG_WARN_BOOL_CONVERSION = YES;
				CLANG_WARN_CONSTANT_CONVERSION = YES;
				CLANG_WARN_DIRECT_OBJC_ISA_USAGE = YES_ERROR;
				CLANG_WARN_EMPTY_BODY = YES;
				CLANG_WARN_ENUM_CONVERSION = YES;
				CLANG_WARN_INT_CONVERSION = YES;
				CLANG_WARN_OBJC_ROOT_CLASS = YES_ERROR;
				CLANG_WARN_UNREACHABLE_CODE = YES;
				CLANG_WARN__DUPLICATE_METHOD_MATCH = YES;
				"CODE_SIGN_IDENTITY[sdk=iphoneos*]" = "iPhone Developer";
				COPY_PHASE_STRIP = NO;
				ENABLE_STRICT_OBJC_MSGSEND = YES;
				GCC_C_LANGUAGE_STANDARD = gnu99;
				GCC_DYNAMIC_NO_PIC = NO;
				GCC_OPTIMIZATION_LEVEL = 0;
				GCC_PREPROCESSOR_DEFINITIONS = (
					"DEBUG=1",
					"$(inherited)",
				);
				GCC_SYMBOLS_PRIVATE_EXTERN = NO;
				GCC_WARN_64_TO_32_BIT_CONVERSION = YES;
				GCC_WARN_ABOUT_RETURN_TYPE = YES_ERROR;
				GCC_WARN_UNDECLARED_SELECTOR = YES;
				GCC_WARN_UNINITIALIZED_AUTOS = YES_AGGRESSIVE;
				GCC_WARN_UNUSED_FUNCTION = YES;
				GCC_WARN_UNUSED_VARIABLE = YES;
				IPHONEOS_DEPLOYMENT_TARGET = 8.1;
				MTL_ENABLE_DEBUG_INFO = YES;
				ONLY_ACTIVE_ARCH = YES;
				SDKROOT = iphoneos;
			};
			name = Debug;
		};
		BA6D806A1A24C21C00B9BF9C /* Release */ = {
			isa = XCBuildConfiguration;
			buildSettings = {
				ALWAYS_SEARCH_USER_PATHS = NO;
				CLANG_CXX_LANGUAGE_STANDARD = "gnu++0x";
				CLANG_CXX_LIBRARY = "libc++";
				CLANG_ENABLE_MODULES = YES;
				CLANG_ENABLE_OBJC_ARC = YES;
				CLANG_WARN_BOOL_CONVERSION = YES;
				CLANG_WARN_CONSTANT_CONVERSION = YES;
				CLANG_WARN_DIRECT_OBJC_ISA_USAGE = YES_ERROR;
				CLANG_WARN_EMPTY_BODY = YES;
				CLANG_WARN_ENUM_CONVERSION = YES;
				CLANG_WARN_INT_CONVERSION = YES;
				CLANG_WARN_OBJC_ROOT_CLASS = YES_ERROR;
				CLANG_WARN_UNREACHABLE_CODE = YES;
				CLANG_WARN__DUPLICATE_METHOD_MATCH = YES;
				"CODE_SIGN_IDENTITY[sdk=iphoneos*]" = "iPhone Developer";
				COPY_PHASE_STRIP = YES;
				ENABLE_NS_ASSERTIONS = NO;
				ENABLE_STRICT_OBJC_MSGSEND = YES;
				GCC_C_LANGUAGE_STANDARD = gnu99;
				GCC_WARN_64_TO_32_BIT_CONVERSION = YES;
				GCC_WARN_ABOUT_RETURN_TYPE = YES_ERROR;
				GCC_WARN_UNDECLARED_SELECTOR = YES;
				GCC_WARN_UNINITIALIZED_AUTOS = YES_AGGRESSIVE;
				GCC_WARN_UNUSED_FUNCTION = YES;
				GCC_WARN_UNUSED_VARIABLE = YES;
				IPHONEOS_DEPLOYMENT_TARGET = 8.1;
				MTL_ENABLE_DEBUG_INFO = NO;
				SDKROOT = iphoneos;
				VALIDATE_PRODUCT = YES;
			};
			name = Release;
		};
		BA6D806C1A24C21C00B9BF9C /* Debug */ = {
			isa = XCBuildConfiguration;
			buildSettings = {
				ASSETCATALOG_COMPILER_APPICON_NAME = AppIcon;
				INFOPLIST_FILE = "EL MUNDO/Info.plist";
				LD_RUNPATH_SEARCH_PATHS = "$(inherited) @executable_path/Frameworks";
				PRODUCT_NAME = "$(TARGET_NAME)";
			};
			name = Debug;
		};
		BA6D806D1A24C21C00B9BF9C /* Release */ = {
			isa = XCBuildConfiguration;
			buildSettings = {
				ASSETCATALOG_COMPILER_APPICON_NAME = AppIcon;
				INFOPLIST_FILE = "EL MUNDO/Info.plist";
				LD_RUNPATH_SEARCH_PATHS = "$(inherited) @executable_path/Frameworks";
				PRODUCT_NAME = "$(TARGET_NAME)";
			};
			name = Release;
		};
		BA6D806F1A24C21C00B9BF9C /* Debug */ = {
			isa = XCBuildConfiguration;
			buildSettings = {
				BUNDLE_LOADER = "$(TEST_HOST)";
				FRAMEWORK_SEARCH_PATHS = (
					"$(SDKROOT)/Developer/Library/Frameworks",
					"$(inherited)",
				);
				GCC_PREPROCESSOR_DEFINITIONS = (
					"DEBUG=1",
					"$(inherited)",
				);
				INFOPLIST_FILE = "EL MUNDOTests/Info.plist";
				LD_RUNPATH_SEARCH_PATHS = "$(inherited) @executable_path/Frameworks @loader_path/Frameworks";
				PRODUCT_NAME = "$(TARGET_NAME)";
				TEST_HOST = "$(BUILT_PRODUCTS_DIR)/EL MUNDO.app/EL MUNDO";
			};
			name = Debug;
		};
		BA6D80701A24C21C00B9BF9C /* Release */ = {
			isa = XCBuildConfiguration;
			buildSettings = {
				BUNDLE_LOADER = "$(TEST_HOST)";
				FRAMEWORK_SEARCH_PATHS = (
					"$(SDKROOT)/Developer/Library/Frameworks",
					"$(inherited)",
				);
				INFOPLIST_FILE = "EL MUNDOTests/Info.plist";
				LD_RUNPATH_SEARCH_PATHS = "$(inherited) @executable_path/Frameworks @loader_path/Frameworks";
				PRODUCT_NAME = "$(TARGET_NAME)";
				TEST_HOST = "$(BUILT_PRODUCTS_DIR)/EL MUNDO.app/EL MUNDO";
			};
			name = Release;
		};
/* End XCBuildConfiguration section */

/* Begin XCConfigurationList section */
		BA6D80401A24C21C00B9BF9C /* Build configuration list for PBXProject "EL MUNDO" */ = {
			isa = XCConfigurationList;
			buildConfigurations = (
				BA6D80691A24C21C00B9BF9C /* Debug */,
				BA6D806A1A24C21C00B9BF9C /* Release */,
			);
			defaultConfigurationIsVisible = 0;
			defaultConfigurationName = Release;
		};
		BA6D806B1A24C21C00B9BF9C /* Build configuration list for PBXNativeTarget "EL MUNDO" */ = {
			isa = XCConfigurationList;
			buildConfigurations = (
				BA6D806C1A24C21C00B9BF9C /* Debug */,
				BA6D806D1A24C21C00B9BF9C /* Release */,
			);
			defaultConfigurationIsVisible = 0;
		};
		BA6D806E1A24C21C00B9BF9C /* Build configuration list for PBXNativeTarget "EL MUNDOTests" */ = {
			isa = XCConfigurationList;
			buildConfigurations = (
				BA6D806F1A24C21C00B9BF9C /* Debug */,
				BA6D80701A24C21C00B9BF9C /* Release */,
			);
			defaultConfigurationIsVisible = 0;
		};
/* End XCConfigurationList section */

/* Begin XCVersionGroup section */
		BA6D804F1A24C21C00B9BF9C /* EL_MUNDO.xcdatamodeld */ = {
			isa = XCVersionGroup;
			children = (
				BA6D80501A24C21C00B9BF9C /* EL_MUNDO.xcdatamodel */,
			);
			currentVersion = BA6D80501A24C21C00B9BF9C /* EL_MUNDO.xcdatamodel */;
			path = EL_MUNDO.xcdatamodeld;
			sourceTree = "<group>";
			versionGroupType = wrapper.xcdatamodel;
		};
/* End XCVersionGroup section */
	};
	rootObject = BA6D803D1A24C21C00B9BF9C /* Project object */;
}
